
Microsoft Visual Studio Solution File, Format Version 12.00
# Visual Studio Version 17
VisualStudioVersion = 17.1.32228.430
MinimumVisualStudioVersion = 10.0.40219.1
Project("{9A19103F-16F7-4668-BE54-9A1E7A4F7556}") = "LegoCity.Api", "LegoCity.Api\LegoCity.Api.csproj", "{DDBAC1E3-6306-446F-B1CD-A254D3067EF9}"
EndProject
Project("{9A19103F-16F7-4668-BE54-9A1E7A4F7556}") = "LegoCity.Api.Client", "LegoCity.Api.Client\LegoCity.Api.Client.csproj", "{B5F161BA-51AC-4515-9595-47E1A127F3E0}"
EndProject
Project("{2150E333-8FDC-42A3-9474-1A3956D46DE8}") = "Solution Items", "Solution Items", "{89F557F1-4C29-4683-89C1-2A08B57D393E}"
EndProject
Project("{2150E333-8FDC-42A3-9474-1A3956D46DE8}") = ".github", ".github", "{11DAEEB9-3E08-4E63-B21C-7DA036E666CC}"
EndProject
Project("{2150E333-8FDC-42A3-9474-1A3956D46DE8}") = "workflows", "workflows", "{A26635D4-637E-4AD1-8A46-40D1976E2658}"
	ProjectSection(SolutionItems) = preProject
		..\.github\workflows\release-preview.yml = ..\.github\workflows\release-preview.yml
		..\.github\workflows\release.yml = ..\.github\workflows\release.yml
		..\.github\workflows\tests.yml = ..\.github\workflows\tests.yml
	EndProjectSection
EndProject
Global
	GlobalSection(SolutionConfigurationPlatforms) = preSolution
		Debug|Any CPU = Debug|Any CPU
		Release|Any CPU = Release|Any CPU
	EndGlobalSection
	GlobalSection(ProjectConfigurationPlatforms) = postSolution
		{DDBAC1E3-6306-446F-B1CD-A254D3067EF9}.Debug|Any CPU.ActiveCfg = Debug|Any CPU
		{DDBAC1E3-6306-446F-B1CD-A254D3067EF9}.Debug|Any CPU.Build.0 = Debug|Any CPU
		{DDBAC1E3-6306-446F-B1CD-A254D3067EF9}.Release|Any CPU.ActiveCfg = Release|Any CPU
		{DDBAC1E3-6306-446F-B1CD-A254D3067EF9}.Release|Any CPU.Build.0 = Release|Any CPU
		{B5F161BA-51AC-4515-9595-47E1A127F3E0}.Debug|Any CPU.ActiveCfg = Debug|Any CPU
		{B5F161BA-51AC-4515-9595-47E1A127F3E0}.Debug|Any CPU.Build.0 = Debug|Any CPU
		{B5F161BA-51AC-4515-9595-47E1A127F3E0}.Release|Any CPU.ActiveCfg = Release|Any CPU
		{B5F161BA-51AC-4515-9595-47E1A127F3E0}.Release|Any CPU.Build.0 = Release|Any CPU
	EndGlobalSection
	GlobalSection(SolutionProperties) = preSolution
		HideSolutionNode = FALSE
	EndGlobalSection
	GlobalSection(NestedProjects) = preSolution
		{11DAEEB9-3E08-4E63-B21C-7DA036E666CC} = {89F557F1-4C29-4683-89C1-2A08B57D393E}
		{A26635D4-637E-4AD1-8A46-40D1976E2658} = {11DAEEB9-3E08-4E63-B21C-7DA036E666CC}
	EndGlobalSection
	GlobalSection(ExtensibilityGlobals) = postSolution
		SolutionGuid = {0F81938D-FBE4-4822-81BC-1102D59F477D}
	EndGlobalSection
EndGlobal
